
Microsoft Visual Studio Solution File, Format Version 12.00
# Visual Studio 2013
VisualStudioVersion = 12.0.31101.0
MinimumVisualStudioVersion = 10.0.40219.1
Project("{FAE04EC0-301F-11D3-BF4B-00C04F79EFBC}") = "MetadataExtractor", "MetadataExtractor\MetadataExtractor.csproj", "{26E27564-A74F-423B-A986-E979988F259D}"
EndProject
Project("{FAE04EC0-301F-11D3-BF4B-00C04F79EFBC}") = "MetadataExtractor.Tests", "MetadataExtractor.Tests\MetadataExtractor.Tests.csproj", "{07AFC815-EDBB-4CF8-B555-86B6CADE7D0F}"
EndProject
Project("{FAE04EC0-301F-11D3-BF4B-00C04F79EFBC}") = "Sharpen", "Sharpen\Sharpen.csproj", "{72944A6C-45FF-4EF8-B349-8C9CABF519D4}"
EndProject
Project("{2150E333-8FDC-42A3-9474-1A3956D46DE8}") = "Docs", "Docs", "{8CF154EA-6A2C-4BF4-B263-78758F834192}"
	ProjectSection(SolutionItems) = preProject
		HowToConvert.md = HowToConvert.md
		LICENSE = LICENSE
		README.md = README.md
		SharpenBugsAndProblems.md = SharpenBugsAndProblems.md
	EndProjectSection
EndProject
Project("{FAE04EC0-301F-11D3-BF4B-00C04F79EFBC}") = "FileLabeller", "FileLabeller\FileLabeller.csproj", "{CEBF4390-E9B8-4EB1-9B33-C2C087C9DADA}"
EndProject
Project("{2150E333-8FDC-42A3-9474-1A3956D46DE8}") = "Tools", "Tools", "{FA64D44E-5E0C-4CD4-89D8-53BCFEBD18BE}"
EndProject
Project("{2150E333-8FDC-42A3-9474-1A3956D46DE8}") = "Tests", "Tests", "{5F8EBA76-F7AC-4575-B1B2-2123F9148481}"
EndProject
Project("{FAE04EC0-301F-11D3-BF4B-00C04F79EFBC}") = "MetadataExtractor.Tools.ExtractJpegSegments", "MetadataExtractor.Tools.ExtractJpegSegments\MetadataExtractor.Tools.ExtractJpegSegments.csproj", "{B7BED0C7-F73D-4F58-AE3D-A9131405D62B}"
EndProject
Project("{2150E333-8FDC-42A3-9474-1A3956D46DE8}") = "XMP", "XMP", "{D2ED855B-9004-43E5-B320-063190D623D7}"
EndProject
Project("{FAE04EC0-301F-11D3-BF4B-00C04F79EFBC}") = "XmpCore", "XmpCore\XmpCore.csproj", "{5A1F2AFF-7219-4543-97C4-364D4502C3C5}"
EndProject
Global
	GlobalSection(SolutionConfigurationPlatforms) = preSolution
		Debug|Any CPU = Debug|Any CPU
		Release|Any CPU = Release|Any CPU
	EndGlobalSection
	GlobalSection(ProjectConfigurationPlatforms) = postSolution
		{26E27564-A74F-423B-A986-E979988F259D}.Debug|Any CPU.ActiveCfg = Debug|Any CPU
		{26E27564-A74F-423B-A986-E979988F259D}.Debug|Any CPU.Build.0 = Debug|Any CPU
		{26E27564-A74F-423B-A986-E979988F259D}.Release|Any CPU.ActiveCfg = Release|Any CPU
		{26E27564-A74F-423B-A986-E979988F259D}.Release|Any CPU.Build.0 = Release|Any CPU
		{07AFC815-EDBB-4CF8-B555-86B6CADE7D0F}.Debug|Any CPU.ActiveCfg = Debug|Any CPU
		{07AFC815-EDBB-4CF8-B555-86B6CADE7D0F}.Debug|Any CPU.Build.0 = Debug|Any CPU
		{07AFC815-EDBB-4CF8-B555-86B6CADE7D0F}.Release|Any CPU.ActiveCfg = Release|Any CPU
		{07AFC815-EDBB-4CF8-B555-86B6CADE7D0F}.Release|Any CPU.Build.0 = Release|Any CPU
		{72944A6C-45FF-4EF8-B349-8C9CABF519D4}.Debug|Any CPU.ActiveCfg = Debug|Any CPU
		{72944A6C-45FF-4EF8-B349-8C9CABF519D4}.Debug|Any CPU.Build.0 = Debug|Any CPU
		{72944A6C-45FF-4EF8-B349-8C9CABF519D4}.Release|Any CPU.ActiveCfg = Release|Any CPU
		{72944A6C-45FF-4EF8-B349-8C9CABF519D4}.Release|Any CPU.Build.0 = Release|Any CPU
		{CEBF4390-E9B8-4EB1-9B33-C2C087C9DADA}.Debug|Any CPU.ActiveCfg = Debug|Any CPU
		{CEBF4390-E9B8-4EB1-9B33-C2C087C9DADA}.Debug|Any CPU.Build.0 = Debug|Any CPU
		{CEBF4390-E9B8-4EB1-9B33-C2C087C9DADA}.Release|Any CPU.ActiveCfg = Release|Any CPU
		{CEBF4390-E9B8-4EB1-9B33-C2C087C9DADA}.Release|Any CPU.Build.0 = Release|Any CPU
		{B7BED0C7-F73D-4F58-AE3D-A9131405D62B}.Debug|Any CPU.ActiveCfg = Debug|Any CPU
		{B7BED0C7-F73D-4F58-AE3D-A9131405D62B}.Debug|Any CPU.Build.0 = Debug|Any CPU
		{B7BED0C7-F73D-4F58-AE3D-A9131405D62B}.Release|Any CPU.ActiveCfg = Release|Any CPU
		{B7BED0C7-F73D-4F58-AE3D-A9131405D62B}.Release|Any CPU.Build.0 = Release|Any CPU
		{5A1F2AFF-7219-4543-97C4-364D4502C3C5}.Debug|Any CPU.ActiveCfg = Debug|Any CPU
		{5A1F2AFF-7219-4543-97C4-364D4502C3C5}.Debug|Any CPU.Build.0 = Debug|Any CPU
		{5A1F2AFF-7219-4543-97C4-364D4502C3C5}.Release|Any CPU.ActiveCfg = Release|Any CPU
		{5A1F2AFF-7219-4543-97C4-364D4502C3C5}.Release|Any CPU.Build.0 = Release|Any CPU
	EndGlobalSection
	GlobalSection(SolutionProperties) = preSolution
		HideSolutionNode = FALSE
	EndGlobalSection
	GlobalSection(NestedProjects) = preSolution
		{07AFC815-EDBB-4CF8-B555-86B6CADE7D0F} = {5F8EBA76-F7AC-4575-B1B2-2123F9148481}
		{72944A6C-45FF-4EF8-B349-8C9CABF519D4} = {D2ED855B-9004-43E5-B320-063190D623D7}
		{CEBF4390-E9B8-4EB1-9B33-C2C087C9DADA} = {FA64D44E-5E0C-4CD4-89D8-53BCFEBD18BE}
		{B7BED0C7-F73D-4F58-AE3D-A9131405D62B} = {FA64D44E-5E0C-4CD4-89D8-53BCFEBD18BE}
		{5A1F2AFF-7219-4543-97C4-364D4502C3C5} = {D2ED855B-9004-43E5-B320-063190D623D7}
	EndGlobalSection
EndGlobal
